// !$*UTF8*$!
{
	archiveVersion = 1;
	classes = {
	};
	objectVersion = 50;
	objects = {

/* Begin PBXBuildFile section */
		30934D0B230C5CF600CA57C9 /* AppDelegate.swift in Sources */ = {isa = PBXBuildFile; fileRef = 30934D0A230C5CF600CA57C9 /* AppDelegate.swift */; };
		30934D0D230C5CF600CA57C9 /* ViewController.swift in Sources */ = {isa = PBXBuildFile; fileRef = 30934D0C230C5CF600CA57C9 /* ViewController.swift */; };
		30934D10230C5CF600CA57C9 /* Main.storyboard in Resources */ = {isa = PBXBuildFile; fileRef = 30934D0E230C5CF600CA57C9 /* Main.storyboard */; };
		30934D12230C5CF700CA57C9 /* Assets.xcassets in Resources */ = {isa = PBXBuildFile; fileRef = 30934D11230C5CF700CA57C9 /* Assets.xcassets */; };
		30934D15230C5CF700CA57C9 /* LaunchScreen.storyboard in Resources */ = {isa = PBXBuildFile; fileRef = 30934D13230C5CF700CA57C9 /* LaunchScreen.storyboard */; };
		30934D20230C5CF700CA57C9 /* giphytrendsTests.swift in Sources */ = {isa = PBXBuildFile; fileRef = 30934D1F230C5CF700CA57C9 /* giphytrendsTests.swift */; };
		30934D2B230C5CF800CA57C9 /* giphytrendsUITests.swift in Sources */ = {isa = PBXBuildFile; fileRef = 30934D2A230C5CF800CA57C9 /* giphytrendsUITests.swift */; };
		30934D40230C7F8D00CA57C9 /* GIFItemCollectionPage.swift in Sources */ = {isa = PBXBuildFile; fileRef = 30934D3F230C7F8D00CA57C9 /* GIFItemCollectionPage.swift */; };
		30934D42230C7FAB00CA57C9 /* GIFItem.swift in Sources */ = {isa = PBXBuildFile; fileRef = 30934D41230C7FAB00CA57C9 /* GIFItem.swift */; };
		30934D44230C7FE900CA57C9 /* GIFItemCollection.swift in Sources */ = {isa = PBXBuildFile; fileRef = 30934D43230C7FE900CA57C9 /* GIFItemCollection.swift */; };
		30934D46230C803B00CA57C9 /* GIFItemCollectionProvider.swift in Sources */ = {isa = PBXBuildFile; fileRef = 30934D45230C803B00CA57C9 /* GIFItemCollectionProvider.swift */; };
		30934D48230C807E00CA57C9 /* GIFItemCollectionCache.swift in Sources */ = {isa = PBXBuildFile; fileRef = 30934D47230C807E00CA57C9 /* GIFItemCollectionCache.swift */; };
		30934D4A230C80E400CA57C9 /* GIFItemCollectionNetworkLoader.swift in Sources */ = {isa = PBXBuildFile; fileRef = 30934D49230C80E400CA57C9 /* GIFItemCollectionNetworkLoader.swift */; };
		30934D4C230C812800CA57C9 /* GIFItemCollectionProviderCallback.swift in Sources */ = {isa = PBXBuildFile; fileRef = 30934D4B230C812800CA57C9 /* GIFItemCollectionProviderCallback.swift */; };
		30934D4E230C849E00CA57C9 /* NetworkLoaderAPIKeyStorage.swift in Sources */ = {isa = PBXBuildFile; fileRef = 30934D4D230C849E00CA57C9 /* NetworkLoaderAPIKeyStorage.swift */; };
		30934D50230C84F100CA57C9 /* InfoReader.swift in Sources */ = {isa = PBXBuildFile; fileRef = 30934D4F230C84F100CA57C9 /* InfoReader.swift */; };
		30934D52230C856300CA57C9 /* NetworkLoaderConfigurationReader.swift in Sources */ = {isa = PBXBuildFile; fileRef = 30934D51230C856300CA57C9 /* NetworkLoaderConfigurationReader.swift */; };
/* End PBXBuildFile section */

/* Begin PBXContainerItemProxy section */
		30934D1C230C5CF700CA57C9 /* PBXContainerItemProxy */ = {
			isa = PBXContainerItemProxy;
			containerPortal = 30934CFF230C5CF600CA57C9 /* Project object */;
			proxyType = 1;
			remoteGlobalIDString = 30934D06230C5CF600CA57C9;
			remoteInfo = giphytrends;
		};
		30934D27230C5CF800CA57C9 /* PBXContainerItemProxy */ = {
			isa = PBXContainerItemProxy;
			containerPortal = 30934CFF230C5CF600CA57C9 /* Project object */;
			proxyType = 1;
			remoteGlobalIDString = 30934D06230C5CF600CA57C9;
			remoteInfo = giphytrends;
		};
/* End PBXContainerItemProxy section */

/* Begin PBXFileReference section */
		30934D07230C5CF600CA57C9 /* giphytrends.app */ = {isa = PBXFileReference; explicitFileType = wrapper.application; includeInIndex = 0; path = giphytrends.app; sourceTree = BUILT_PRODUCTS_DIR; };
		30934D0A230C5CF600CA57C9 /* AppDelegate.swift */ = {isa = PBXFileReference; lastKnownFileType = sourcecode.swift; path = AppDelegate.swift; sourceTree = "<group>"; };
		30934D0C230C5CF600CA57C9 /* ViewController.swift */ = {isa = PBXFileReference; lastKnownFileType = sourcecode.swift; path = ViewController.swift; sourceTree = "<group>"; };
		30934D0F230C5CF600CA57C9 /* Base */ = {isa = PBXFileReference; lastKnownFileType = file.storyboard; name = Base; path = Base.lproj/Main.storyboard; sourceTree = "<group>"; };
		30934D11230C5CF700CA57C9 /* Assets.xcassets */ = {isa = PBXFileReference; lastKnownFileType = folder.assetcatalog; path = Assets.xcassets; sourceTree = "<group>"; };
		30934D14230C5CF700CA57C9 /* Base */ = {isa = PBXFileReference; lastKnownFileType = file.storyboard; name = Base; path = Base.lproj/LaunchScreen.storyboard; sourceTree = "<group>"; };
		30934D16230C5CF700CA57C9 /* Info.plist */ = {isa = PBXFileReference; lastKnownFileType = text.plist.xml; path = Info.plist; sourceTree = "<group>"; };
		30934D1B230C5CF700CA57C9 /* giphytrendsTests.xctest */ = {isa = PBXFileReference; explicitFileType = wrapper.cfbundle; includeInIndex = 0; path = giphytrendsTests.xctest; sourceTree = BUILT_PRODUCTS_DIR; };
		30934D1F230C5CF700CA57C9 /* giphytrendsTests.swift */ = {isa = PBXFileReference; lastKnownFileType = sourcecode.swift; path = giphytrendsTests.swift; sourceTree = "<group>"; };
		30934D21230C5CF700CA57C9 /* Info.plist */ = {isa = PBXFileReference; lastKnownFileType = text.plist.xml; path = Info.plist; sourceTree = "<group>"; };
		30934D26230C5CF800CA57C9 /* giphytrendsUITests.xctest */ = {isa = PBXFileReference; explicitFileType = wrapper.cfbundle; includeInIndex = 0; path = giphytrendsUITests.xctest; sourceTree = BUILT_PRODUCTS_DIR; };
		30934D2A230C5CF800CA57C9 /* giphytrendsUITests.swift */ = {isa = PBXFileReference; lastKnownFileType = sourcecode.swift; path = giphytrendsUITests.swift; sourceTree = "<group>"; };
		30934D2C230C5CF800CA57C9 /* Info.plist */ = {isa = PBXFileReference; lastKnownFileType = text.plist.xml; path = Info.plist; sourceTree = "<group>"; };
		30934D3F230C7F8D00CA57C9 /* GIFItemCollectionPage.swift */ = {isa = PBXFileReference; lastKnownFileType = sourcecode.swift; path = GIFItemCollectionPage.swift; sourceTree = "<group>"; };
		30934D41230C7FAB00CA57C9 /* GIFItem.swift */ = {isa = PBXFileReference; lastKnownFileType = sourcecode.swift; path = GIFItem.swift; sourceTree = "<group>"; };
		30934D43230C7FE900CA57C9 /* GIFItemCollection.swift */ = {isa = PBXFileReference; lastKnownFileType = sourcecode.swift; path = GIFItemCollection.swift; sourceTree = "<group>"; };
		30934D45230C803B00CA57C9 /* GIFItemCollectionProvider.swift */ = {isa = PBXFileReference; lastKnownFileType = sourcecode.swift; path = GIFItemCollectionProvider.swift; sourceTree = "<group>"; };
		30934D47230C807E00CA57C9 /* GIFItemCollectionCache.swift */ = {isa = PBXFileReference; lastKnownFileType = sourcecode.swift; path = GIFItemCollectionCache.swift; sourceTree = "<group>"; };
		30934D49230C80E400CA57C9 /* GIFItemCollectionNetworkLoader.swift */ = {isa = PBXFileReference; lastKnownFileType = sourcecode.swift; path = GIFItemCollectionNetworkLoader.swift; sourceTree = "<group>"; };
		30934D4B230C812800CA57C9 /* GIFItemCollectionProviderCallback.swift */ = {isa = PBXFileReference; lastKnownFileType = sourcecode.swift; path = GIFItemCollectionProviderCallback.swift; sourceTree = "<group>"; };
		30934D4D230C849E00CA57C9 /* NetworkLoaderAPIKeyStorage.swift */ = {isa = PBXFileReference; lastKnownFileType = sourcecode.swift; path = NetworkLoaderAPIKeyStorage.swift; sourceTree = "<group>"; };
		30934D4F230C84F100CA57C9 /* InfoReader.swift */ = {isa = PBXFileReference; lastKnownFileType = sourcecode.swift; path = InfoReader.swift; sourceTree = "<group>"; };
		30934D51230C856300CA57C9 /* NetworkLoaderConfigurationReader.swift */ = {isa = PBXFileReference; lastKnownFileType = sourcecode.swift; path = NetworkLoaderConfigurationReader.swift; sourceTree = "<group>"; };
/* End PBXFileReference section */

/* Begin PBXFrameworksBuildPhase section */
		30934D04230C5CF600CA57C9 /* Frameworks */ = {
			isa = PBXFrameworksBuildPhase;
			buildActionMask = 2147483647;
			files = (
			);
			runOnlyForDeploymentPostprocessing = 0;
		};
		30934D18230C5CF700CA57C9 /* Frameworks */ = {
			isa = PBXFrameworksBuildPhase;
			buildActionMask = 2147483647;
			files = (
			);
			runOnlyForDeploymentPostprocessing = 0;
		};
		30934D23230C5CF800CA57C9 /* Frameworks */ = {
			isa = PBXFrameworksBuildPhase;
			buildActionMask = 2147483647;
			files = (
			);
			runOnlyForDeploymentPostprocessing = 0;
		};
/* End PBXFrameworksBuildPhase section */

/* Begin PBXGroup section */
		30934CFE230C5CF600CA57C9 = {
			isa = PBXGroup;
			children = (
				30934D09230C5CF600CA57C9 /* giphytrends */,
				30934D1E230C5CF700CA57C9 /* giphytrendsTests */,
				30934D29230C5CF800CA57C9 /* giphytrendsUITests */,
				30934D08230C5CF600CA57C9 /* Products */,
			);
			sourceTree = "<group>";
		};
		30934D08230C5CF600CA57C9 /* Products */ = {
			isa = PBXGroup;
			children = (
				30934D07230C5CF600CA57C9 /* giphytrends.app */,
				30934D1B230C5CF700CA57C9 /* giphytrendsTests.xctest */,
				30934D26230C5CF800CA57C9 /* giphytrendsUITests.xctest */,
			);
			name = Products;
			sourceTree = "<group>";
		};
		30934D09230C5CF600CA57C9 /* giphytrends */ = {
			isa = PBXGroup;
			children = (
				30934D3E230C7F6400CA57C9 /* GIFItemCollection */,
				30934D3A230C5DCA00CA57C9 /* Common */,
				30934D0A230C5CF600CA57C9 /* AppDelegate.swift */,
				30934D0C230C5CF600CA57C9 /* ViewController.swift */,
				30934D16230C5CF700CA57C9 /* Info.plist */,
			);
			path = giphytrends;
			sourceTree = "<group>";
		};
		30934D1E230C5CF700CA57C9 /* giphytrendsTests */ = {
			isa = PBXGroup;
			children = (
				30934D1F230C5CF700CA57C9 /* giphytrendsTests.swift */,
				30934D21230C5CF700CA57C9 /* Info.plist */,
			);
			path = giphytrendsTests;
			sourceTree = "<group>";
		};
		30934D29230C5CF800CA57C9 /* giphytrendsUITests */ = {
			isa = PBXGroup;
			children = (
				30934D2A230C5CF800CA57C9 /* giphytrendsUITests.swift */,
				30934D2C230C5CF800CA57C9 /* Info.plist */,
			);
			path = giphytrendsUITests;
			sourceTree = "<group>";
		};
		30934D3A230C5DCA00CA57C9 /* Common */ = {
			isa = PBXGroup;
			children = (
				30934D4F230C84F100CA57C9 /* InfoReader.swift */,
				30934D3C230C5DF300CA57C9 /* Assets */,
				30934D3B230C5DD200CA57C9 /* Storyboards */,
			);
			path = Common;
			sourceTree = "<group>";
		};
		30934D3B230C5DD200CA57C9 /* Storyboards */ = {
			isa = PBXGroup;
			children = (
				30934D0E230C5CF600CA57C9 /* Main.storyboard */,
				30934D13230C5CF700CA57C9 /* LaunchScreen.storyboard */,
			);
			path = Storyboards;
			sourceTree = "<group>";
		};
		30934D3C230C5DF300CA57C9 /* Assets */ = {
			isa = PBXGroup;
			children = (
				30934D11230C5CF700CA57C9 /* Assets.xcassets */,
			);
			path = Assets;
			sourceTree = "<group>";
		};
		30934D3E230C7F6400CA57C9 /* GIFItemCollection */ = {
			isa = PBXGroup;
			children = (
				30934D41230C7FAB00CA57C9 /* GIFItem.swift */,
				30934D43230C7FE900CA57C9 /* GIFItemCollection.swift */,
				30934D47230C807E00CA57C9 /* GIFItemCollectionCache.swift */,
				30934D49230C80E400CA57C9 /* GIFItemCollectionNetworkLoader.swift */,
				30934D3F230C7F8D00CA57C9 /* GIFItemCollectionPage.swift */,
				30934D45230C803B00CA57C9 /* GIFItemCollectionProvider.swift */,
				30934D4B230C812800CA57C9 /* GIFItemCollectionProviderCallback.swift */,
				30934D4D230C849E00CA57C9 /* NetworkLoaderAPIKeyStorage.swift */,
				30934D51230C856300CA57C9 /* NetworkLoaderConfigurationReader.swift */,
			);
			path = GIFItemCollection;
			sourceTree = "<group>";
		};
/* End PBXGroup section */

/* Begin PBXNativeTarget section */
		30934D06230C5CF600CA57C9 /* giphytrends */ = {
			isa = PBXNativeTarget;
			buildConfigurationList = 30934D2F230C5CF800CA57C9 /* Build configuration list for PBXNativeTarget "giphytrends" */;
			buildPhases = (
				30934D03230C5CF600CA57C9 /* Sources */,
				30934D04230C5CF600CA57C9 /* Frameworks */,
				30934D05230C5CF600CA57C9 /* Resources */,
			);
			buildRules = (
			);
			dependencies = (
			);
			name = giphytrends;
			productName = giphytrends;
			productReference = 30934D07230C5CF600CA57C9 /* giphytrends.app */;
			productType = "com.apple.product-type.application";
		};
		30934D1A230C5CF700CA57C9 /* giphytrendsTests */ = {
			isa = PBXNativeTarget;
			buildConfigurationList = 30934D32230C5CF800CA57C9 /* Build configuration list for PBXNativeTarget "giphytrendsTests" */;
			buildPhases = (
				30934D17230C5CF700CA57C9 /* Sources */,
				30934D18230C5CF700CA57C9 /* Frameworks */,
				30934D19230C5CF700CA57C9 /* Resources */,
			);
			buildRules = (
			);
			dependencies = (
				30934D1D230C5CF700CA57C9 /* PBXTargetDependency */,
			);
			name = giphytrendsTests;
			productName = giphytrendsTests;
			productReference = 30934D1B230C5CF700CA57C9 /* giphytrendsTests.xctest */;
			productType = "com.apple.product-type.bundle.unit-test";
		};
		30934D25230C5CF800CA57C9 /* giphytrendsUITests */ = {
			isa = PBXNativeTarget;
			buildConfigurationList = 30934D35230C5CF800CA57C9 /* Build configuration list for PBXNativeTarget "giphytrendsUITests" */;
			buildPhases = (
				30934D22230C5CF800CA57C9 /* Sources */,
				30934D23230C5CF800CA57C9 /* Frameworks */,
				30934D24230C5CF800CA57C9 /* Resources */,
			);
			buildRules = (
			);
			dependencies = (
				30934D28230C5CF800CA57C9 /* PBXTargetDependency */,
			);
			name = giphytrendsUITests;
			productName = giphytrendsUITests;
			productReference = 30934D26230C5CF800CA57C9 /* giphytrendsUITests.xctest */;
			productType = "com.apple.product-type.bundle.ui-testing";
		};
/* End PBXNativeTarget section */

/* Begin PBXProject section */
		30934CFF230C5CF600CA57C9 /* Project object */ = {
			isa = PBXProject;
			attributes = {
				LastSwiftUpdateCheck = 1030;
				LastUpgradeCheck = 1030;
				ORGANIZATIONNAME = "Easy Target";
				TargetAttributes = {
					30934D06230C5CF600CA57C9 = {
						CreatedOnToolsVersion = 10.3;
					};
					30934D1A230C5CF700CA57C9 = {
						CreatedOnToolsVersion = 10.3;
						TestTargetID = 30934D06230C5CF600CA57C9;
					};
					30934D25230C5CF800CA57C9 = {
						CreatedOnToolsVersion = 10.3;
						TestTargetID = 30934D06230C5CF600CA57C9;
					};
				};
			};
			buildConfigurationList = 30934D02230C5CF600CA57C9 /* Build configuration list for PBXProject "giphytrends" */;
			compatibilityVersion = "Xcode 9.3";
			developmentRegion = en;
			hasScannedForEncodings = 0;
			knownRegions = (
				en,
				Base,
			);
			mainGroup = 30934CFE230C5CF600CA57C9;
			productRefGroup = 30934D08230C5CF600CA57C9 /* Products */;
			projectDirPath = "";
			projectRoot = "";
			targets = (
				30934D06230C5CF600CA57C9 /* giphytrends */,
				30934D1A230C5CF700CA57C9 /* giphytrendsTests */,
				30934D25230C5CF800CA57C9 /* giphytrendsUITests */,
			);
		};
/* End PBXProject section */

/* Begin PBXResourcesBuildPhase section */
		30934D05230C5CF600CA57C9 /* Resources */ = {
			isa = PBXResourcesBuildPhase;
			buildActionMask = 2147483647;
			files = (
				30934D15230C5CF700CA57C9 /* LaunchScreen.storyboard in Resources */,
				30934D12230C5CF700CA57C9 /* Assets.xcassets in Resources */,
				30934D10230C5CF600CA57C9 /* Main.storyboard in Resources */,
			);
			runOnlyForDeploymentPostprocessing = 0;
		};
		30934D19230C5CF700CA57C9 /* Resources */ = {
			isa = PBXResourcesBuildPhase;
			buildActionMask = 2147483647;
			files = (
			);
			runOnlyForDeploymentPostprocessing = 0;
		};
		30934D24230C5CF800CA57C9 /* Resources */ = {
			isa = PBXResourcesBuildPhase;
			buildActionMask = 2147483647;
			files = (
			);
			runOnlyForDeploymentPostprocessing = 0;
		};
/* End PBXResourcesBuildPhase section */

/* Begin PBXSourcesBuildPhase section */
		30934D03230C5CF600CA57C9 /* Sources */ = {
			isa = PBXSourcesBuildPhase;
			buildActionMask = 2147483647;
			files = (
				30934D4E230C849E00CA57C9 /* NetworkLoaderAPIKeyStorage.swift in Sources */,
				30934D52230C856300CA57C9 /* NetworkLoaderConfigurationReader.swift in Sources */,
				30934D50230C84F100CA57C9 /* InfoReader.swift in Sources */,
				30934D44230C7FE900CA57C9 /* GIFItemCollection.swift in Sources */,
				30934D4C230C812800CA57C9 /* GIFItemCollectionProviderCallback.swift in Sources */,
				30934D4A230C80E400CA57C9 /* GIFItemCollectionNetworkLoader.swift in Sources */,
				30934D0D230C5CF600CA57C9 /* ViewController.swift in Sources */,
				30934D46230C803B00CA57C9 /* GIFItemCollectionProvider.swift in Sources */,
				30934D42230C7FAB00CA57C9 /* GIFItem.swift in Sources */,
				30934D0B230C5CF600CA57C9 /* AppDelegate.swift in Sources */,
				30934D48230C807E00CA57C9 /* GIFItemCollectionCache.swift in Sources */,
				30934D40230C7F8D00CA57C9 /* GIFItemCollectionPage.swift in Sources */,
			);
			runOnlyForDeploymentPostprocessing = 0;
		};
		30934D17230C5CF700CA57C9 /* Sources */ = {
			isa = PBXSourcesBuildPhase;
			buildActionMask = 2147483647;
			files = (
				30934D20230C5CF700CA57C9 /* giphytrendsTests.swift in Sources */,
			);
			runOnlyForDeploymentPostprocessing = 0;
		};
		30934D22230C5CF800CA57C9 /* Sources */ = {
			isa = PBXSourcesBuildPhase;
			buildActionMask = 2147483647;
			files = (
				30934D2B230C5CF800CA57C9 /* giphytrendsUITests.swift in Sources */,
			);
			runOnlyForDeploymentPostprocessing = 0;
		};
/* End PBXSourcesBuildPhase section */

/* Begin PBXTargetDependency section */
		30934D1D230C5CF700CA57C9 /* PBXTargetDependency */ = {
			isa = PBXTargetDependency;
			target = 30934D06230C5CF600CA57C9 /* giphytrends */;
			targetProxy = 30934D1C230C5CF700CA57C9 /* PBXContainerItemProxy */;
		};
		30934D28230C5CF800CA57C9 /* PBXTargetDependency */ = {
			isa = PBXTargetDependency;
			target = 30934D06230C5CF600CA57C9 /* giphytrends */;
			targetProxy = 30934D27230C5CF800CA57C9 /* PBXContainerItemProxy */;
		};
/* End PBXTargetDependency section */

/* Begin PBXVariantGroup section */
		30934D0E230C5CF600CA57C9 /* Main.storyboard */ = {
			isa = PBXVariantGroup;
			children = (
				30934D0F230C5CF600CA57C9 /* Base */,
			);
			name = Main.storyboard;
			sourceTree = "<group>";
		};
		30934D13230C5CF700CA57C9 /* LaunchScreen.storyboard */ = {
			isa = PBXVariantGroup;
			children = (
				30934D14230C5CF700CA57C9 /* Base */,
			);
			name = LaunchScreen.storyboard;
			sourceTree = "<group>";
		};
/* End PBXVariantGroup section */

/* Begin XCBuildConfiguration section */
		30934D2D230C5CF800CA57C9 /* Debug */ = {
			isa = XCBuildConfiguration;
			buildSettings = {
				ALWAYS_SEARCH_USER_PATHS = NO;
				CLANG_ANALYZER_NONNULL = YES;
				CLANG_ANALYZER_NUMBER_OBJECT_CONVERSION = YES_AGGRESSIVE;
				CLANG_CXX_LANGUAGE_STANDARD = "gnu++14";
				CLANG_CXX_LIBRARY = "libc++";
				CLANG_ENABLE_MODULES = YES;
				CLANG_ENABLE_OBJC_ARC = YES;
				CLANG_ENABLE_OBJC_WEAK = YES;
				CLANG_WARN_BLOCK_CAPTURE_AUTORELEASING = YES;
				CLANG_WARN_BOOL_CONVERSION = YES;
				CLANG_WARN_COMMA = YES;
				CLANG_WARN_CONSTANT_CONVERSION = YES;
				CLANG_WARN_DEPRECATED_OBJC_IMPLEMENTATIONS = YES;
				CLANG_WARN_DIRECT_OBJC_ISA_USAGE = YES_ERROR;
				CLANG_WARN_DOCUMENTATION_COMMENTS = YES;
				CLANG_WARN_EMPTY_BODY = YES;
				CLANG_WARN_ENUM_CONVERSION = YES;
				CLANG_WARN_INFINITE_RECURSION = YES;
				CLANG_WARN_INT_CONVERSION = YES;
				CLANG_WARN_NON_LITERAL_NULL_CONVERSION = YES;
				CLANG_WARN_OBJC_IMPLICIT_RETAIN_SELF = YES;
				CLANG_WARN_OBJC_LITERAL_CONVERSION = YES;
				CLANG_WARN_OBJC_ROOT_CLASS = YES_ERROR;
				CLANG_WARN_RANGE_LOOP_ANALYSIS = YES;
				CLANG_WARN_STRICT_PROTOTYPES = YES;
				CLANG_WARN_SUSPICIOUS_MOVE = YES;
				CLANG_WARN_UNGUARDED_AVAILABILITY = YES_AGGRESSIVE;
				CLANG_WARN_UNREACHABLE_CODE = YES;
				CLANG_WARN__DUPLICATE_METHOD_MATCH = YES;
				CODE_SIGN_IDENTITY = "iPhone Developer";
				COPY_PHASE_STRIP = NO;
				DEBUG_INFORMATION_FORMAT = dwarf;
				ENABLE_STRICT_OBJC_MSGSEND = YES;
				ENABLE_TESTABILITY = YES;
				GCC_C_LANGUAGE_STANDARD = gnu11;
				GCC_DYNAMIC_NO_PIC = NO;
				GCC_NO_COMMON_BLOCKS = YES;
				GCC_OPTIMIZATION_LEVEL = 0;
				GCC_PREPROCESSOR_DEFINITIONS = (
					"DEBUG=1",
					"$(inherited)",
				);
				GCC_WARN_64_TO_32_BIT_CONVERSION = YES;
				GCC_WARN_ABOUT_RETURN_TYPE = YES_ERROR;
				GCC_WARN_UNDECLARED_SELECTOR = YES;
				GCC_WARN_UNINITIALIZED_AUTOS = YES_AGGRESSIVE;
				GCC_WARN_UNUSED_FUNCTION = YES;
				GCC_WARN_UNUSED_VARIABLE = YES;
				IPHONEOS_DEPLOYMENT_TARGET = 12.0;
				MTL_ENABLE_DEBUG_INFO = INCLUDE_SOURCE;
				MTL_FAST_MATH = YES;
				ONLY_ACTIVE_ARCH = YES;
				SDKROOT = iphoneos;
				SWIFT_ACTIVE_COMPILATION_CONDITIONS = DEBUG;
				SWIFT_OPTIMIZATION_LEVEL = "-Onone";
			};
			name = Debug;
		};
		30934D2E230C5CF800CA57C9 /* Release */ = {
			isa = XCBuildConfiguration;
			buildSettings = {
				ALWAYS_SEARCH_USER_PATHS = NO;
				CLANG_ANALYZER_NONNULL = YES;
				CLANG_ANALYZER_NUMBER_OBJECT_CONVERSION = YES_AGGRESSIVE;
				CLANG_CXX_LANGUAGE_STANDARD = "gnu++14";
				CLANG_CXX_LIBRARY = "libc++";
				CLANG_ENABLE_MODULES = YES;
				CLANG_ENABLE_OBJC_ARC = YES;
				CLANG_ENABLE_OBJC_WEAK = YES;
				CLANG_WARN_BLOCK_CAPTURE_AUTORELEASING = YES;
				CLANG_WARN_BOOL_CONVERSION = YES;
				CLANG_WARN_COMMA = YES;
				CLANG_WARN_CONSTANT_CONVERSION = YES;
				CLANG_WARN_DEPRECATED_OBJC_IMPLEMENTATIONS = YES;
				CLANG_WARN_DIRECT_OBJC_ISA_USAGE = YES_ERROR;
				CLANG_WARN_DOCUMENTATION_COMMENTS = YES;
				CLANG_WARN_EMPTY_BODY = YES;
				CLANG_WARN_ENUM_CONVERSION = YES;
				CLANG_WARN_INFINITE_RECURSION = YES;
				CLANG_WARN_INT_CONVERSION = YES;
				CLANG_WARN_NON_LITERAL_NULL_CONVERSION = YES;
				CLANG_WARN_OBJC_IMPLICIT_RETAIN_SELF = YES;
				CLANG_WARN_OBJC_LITERAL_CONVERSION = YES;
				CLANG_WARN_OBJC_ROOT_CLASS = YES_ERROR;
				CLANG_WARN_RANGE_LOOP_ANALYSIS = YES;
				CLANG_WARN_STRICT_PROTOTYPES = YES;
				CLANG_WARN_SUSPICIOUS_MOVE = YES;
				CLANG_WARN_UNGUARDED_AVAILABILITY = YES_AGGRESSIVE;
				CLANG_WARN_UNREACHABLE_CODE = YES;
				CLANG_WARN__DUPLICATE_METHOD_MATCH = YES;
				CODE_SIGN_IDENTITY = "iPhone Developer";
				COPY_PHASE_STRIP = NO;
				DEBUG_INFORMATION_FORMAT = "dwarf-with-dsym";
				ENABLE_NS_ASSERTIONS = NO;
				ENABLE_STRICT_OBJC_MSGSEND = YES;
				GCC_C_LANGUAGE_STANDARD = gnu11;
				GCC_NO_COMMON_BLOCKS = YES;
				GCC_WARN_64_TO_32_BIT_CONVERSION = YES;
				GCC_WARN_ABOUT_RETURN_TYPE = YES_ERROR;
				GCC_WARN_UNDECLARED_SELECTOR = YES;
				GCC_WARN_UNINITIALIZED_AUTOS = YES_AGGRESSIVE;
				GCC_WARN_UNUSED_FUNCTION = YES;
				GCC_WARN_UNUSED_VARIABLE = YES;
				IPHONEOS_DEPLOYMENT_TARGET = 12.0;
				MTL_ENABLE_DEBUG_INFO = NO;
				MTL_FAST_MATH = YES;
				SDKROOT = iphoneos;
				SWIFT_COMPILATION_MODE = wholemodule;
				SWIFT_OPTIMIZATION_LEVEL = "-O";
				VALIDATE_PRODUCT = YES;
			};
			name = Release;
		};
		30934D30230C5CF800CA57C9 /* Debug */ = {
			isa = XCBuildConfiguration;
			buildSettings = {
				ASSETCATALOG_COMPILER_APPICON_NAME = AppIcon;
				CODE_SIGN_STYLE = Automatic;
				DEVELOPMENT_TEAM = X59SC9WX5X;
				INFOPLIST_FILE = giphytrends/Info.plist;
				LD_RUNPATH_SEARCH_PATHS = (
					"$(inherited)",
					"@executable_path/Frameworks",
				);
				PRODUCT_BUNDLE_IDENTIFIER = eu.ezytarget.giphytrends;
				PRODUCT_NAME = "$(TARGET_NAME)";
				SWIFT_VERSION = 5.0;
				TARGETED_DEVICE_FAMILY = "1,2";
			};
			name = Debug;
		};
		30934D31230C5CF800CA57C9 /* Release */ = {
			isa = XCBuildConfiguration;
			buildSettings = {
				ASSETCATALOG_COMPILER_APPICON_NAME = AppIcon;
				CODE_SIGN_STYLE = Automatic;
				DEVELOPMENT_TEAM = X59SC9WX5X;
				INFOPLIST_FILE = giphytrends/Info.plist;
				LD_RUNPATH_SEARCH_PATHS = (
					"$(inherited)",
					"@executable_path/Frameworks",
				);
				PRODUCT_BUNDLE_IDENTIFIER = eu.ezytarget.giphytrends;
				PRODUCT_NAME = "$(TARGET_NAME)";
				SWIFT_VERSION = 5.0;
				TARGETED_DEVICE_FAMILY = "1,2";
			};
			name = Release;
		};
		30934D33230C5CF800CA57C9 /* Debug */ = {
			isa = XCBuildConfiguration;
			buildSettings = {
				ALWAYS_EMBED_SWIFT_STANDARD_LIBRARIES = YES;
				BUNDLE_LOADER = "$(TEST_HOST)";
				CODE_SIGN_STYLE = Automatic;
				DEVELOPMENT_TEAM = X59SC9WX5X;
				INFOPLIST_FILE = giphytrendsTests/Info.plist;
				LD_RUNPATH_SEARCH_PATHS = (
					"$(inherited)",
					"@executable_path/Frameworks",
					"@loader_path/Frameworks",
				);
				PRODUCT_BUNDLE_IDENTIFIER = eu.ezytarget.giphytrendsTests;
				PRODUCT_NAME = "$(TARGET_NAME)";
				SWIFT_VERSION = 5.0;
				TARGETED_DEVICE_FAMILY = "1,2";
				TEST_HOST = "$(BUILT_PRODUCTS_DIR)/giphytrends.app/giphytrends";
			};
			name = Debug;
		};
		30934D34230C5CF800CA57C9 /* Release */ = {
			isa = XCBuildConfiguration;
			buildSettings = {
				ALWAYS_EMBED_SWIFT_STANDARD_LIBRARIES = YES;
				BUNDLE_LOADER = "$(TEST_HOST)";
				CODE_SIGN_STYLE = Automatic;
				DEVELOPMENT_TEAM = X59SC9WX5X;
				INFOPLIST_FILE = giphytrendsTests/Info.plist;
				LD_RUNPATH_SEARCH_PATHS = (
					"$(inherited)",
					"@executable_path/Frameworks",
					"@loader_path/Frameworks",
				);
				PRODUCT_BUNDLE_IDENTIFIER = eu.ezytarget.giphytrendsTests;
				PRODUCT_NAME = "$(TARGET_NAME)";
				SWIFT_VERSION = 5.0;
				TARGETED_DEVICE_FAMILY = "1,2";
				TEST_HOST = "$(BUILT_PRODUCTS_DIR)/giphytrends.app/giphytrends";
			};
			name = Release;
		};
		30934D36230C5CF800CA57C9 /* Debug */ = {
			isa = XCBuildConfiguration;
			buildSettings = {
				ALWAYS_EMBED_SWIFT_STANDARD_LIBRARIES = YES;
				CODE_SIGN_STYLE = Automatic;
				DEVELOPMENT_TEAM = X59SC9WX5X;
				INFOPLIST_FILE = giphytrendsUITests/Info.plist;
				LD_RUNPATH_SEARCH_PATHS = (
					"$(inherited)",
					"@executable_path/Frameworks",
					"@loader_path/Frameworks",
				);
				PRODUCT_BUNDLE_IDENTIFIER = eu.ezytarget.giphytrendsUITests;
				PRODUCT_NAME = "$(TARGET_NAME)";
				SWIFT_VERSION = 5.0;
				TARGETED_DEVICE_FAMILY = "1,2";
				TEST_TARGET_NAME = giphytrends;
			};
			name = Debug;
		};
		30934D37230C5CF800CA57C9 /* Release */ = {
			isa = XCBuildConfiguration;
			buildSettings = {
				ALWAYS_EMBED_SWIFT_STANDARD_LIBRARIES = YES;
				CODE_SIGN_STYLE = Automatic;
				DEVELOPMENT_TEAM = X59SC9WX5X;
				INFOPLIST_FILE = giphytrendsUITests/Info.plist;
				LD_RUNPATH_SEARCH_PATHS = (
					"$(inherited)",
					"@executable_path/Frameworks",
					"@loader_path/Frameworks",
				);
				PRODUCT_BUNDLE_IDENTIFIER = eu.ezytarget.giphytrendsUITests;
				PRODUCT_NAME = "$(TARGET_NAME)";
				SWIFT_VERSION = 5.0;
				TARGETED_DEVICE_FAMILY = "1,2";
				TEST_TARGET_NAME = giphytrends;
			};
			name = Release;
		};
/* End XCBuildConfiguration section */

/* Begin XCConfigurationList section */
		30934D02230C5CF600CA57C9 /* Build configuration list for PBXProject "giphytrends" */ = {
			isa = XCConfigurationList;
			buildConfigurations = (
				30934D2D230C5CF800CA57C9 /* Debug */,
				30934D2E230C5CF800CA57C9 /* Release */,
			);
			defaultConfigurationIsVisible = 0;
			defaultConfigurationName = Release;
		};
		30934D2F230C5CF800CA57C9 /* Build configuration list for PBXNativeTarget "giphytrends" */ = {
			isa = XCConfigurationList;
			buildConfigurations = (
				30934D30230C5CF800CA57C9 /* Debug */,
				30934D31230C5CF800CA57C9 /* Release */,
			);
			defaultConfigurationIsVisible = 0;
			defaultConfigurationName = Release;
		};
		30934D32230C5CF800CA57C9 /* Build configuration list for PBXNativeTarget "giphytrendsTests" */ = {
			isa = XCConfigurationList;
			buildConfigurations = (
				30934D33230C5CF800CA57C9 /* Debug */,
				30934D34230C5CF800CA57C9 /* Release */,
			);
			defaultConfigurationIsVisible = 0;
			defaultConfigurationName = Release;
		};
		30934D35230C5CF800CA57C9 /* Build configuration list for PBXNativeTarget "giphytrendsUITests" */ = {
			isa = XCConfigurationList;
			buildConfigurations = (
				30934D36230C5CF800CA57C9 /* Debug */,
				30934D37230C5CF800CA57C9 /* Release */,
			);
			defaultConfigurationIsVisible = 0;
			defaultConfigurationName = Release;
		};
/* End XCConfigurationList section */
	};
	rootObject = 30934CFF230C5CF600CA57C9 /* Project object */;
}
